// !$*UTF8*$!
{
	archiveVersion = 1;
	classes = {
	};
	objectVersion = 46;
	objects = {

/* Begin PBXBuildFile section */
		7E1EC9651B333FAB00C7BD22 /* AppDelegate.swift in Sources */ = {isa = PBXBuildFile; fileRef = 7E1EC9641B333FAB00C7BD22 /* AppDelegate.swift */; };
		7E1EC9671B333FAB00C7BD22 /* Images.xcassets in Resources */ = {isa = PBXBuildFile; fileRef = 7E1EC9661B333FAB00C7BD22 /* Images.xcassets */; };
		7E1EC9761B333FAB00C7BD22 /* NetworkLocationHelperTests.swift in Sources */ = {isa = PBXBuildFile; fileRef = 7E1EC9751B333FAB00C7BD22 /* NetworkLocationHelperTests.swift */; };
		7E302E771B33685B00382D41 /* Menu.xib in Resources */ = {isa = PBXBuildFile; fileRef = 7E1EC9681B333FAB00C7BD22 /* Menu.xib */; };
/* End PBXBuildFile section */

/* Begin PBXContainerItemProxy section */
		7E1EC9701B333FAB00C7BD22 /* PBXContainerItemProxy */ = {
			isa = PBXContainerItemProxy;
			containerPortal = 7E1EC9571B333FAB00C7BD22 /* Project object */;
			proxyType = 1;
			remoteGlobalIDString = 7E1EC95E1B333FAB00C7BD22;
			remoteInfo = NetworkLocationHelper;
		};
/* End PBXContainerItemProxy section */

/* Begin PBXFileReference section */
		7E1EC95F1B333FAB00C7BD22 /* NetworkLocationHelper.app */ = {isa = PBXFileReference; explicitFileType = wrapper.application; includeInIndex = 0; path = NetworkLocationHelper.app; sourceTree = BUILT_PRODUCTS_DIR; };
		7E1EC9631B333FAB00C7BD22 /* Info.plist */ = {isa = PBXFileReference; lastKnownFileType = text.plist.xml; path = Info.plist; sourceTree = "<group>"; };
		7E1EC9641B333FAB00C7BD22 /* AppDelegate.swift */ = {isa = PBXFileReference; lastKnownFileType = sourcecode.swift; path = AppDelegate.swift; sourceTree = "<group>"; };
		7E1EC9661B333FAB00C7BD22 /* Images.xcassets */ = {isa = PBXFileReference; lastKnownFileType = folder.assetcatalog; path = Images.xcassets; sourceTree = "<group>"; };
		7E1EC9691B333FAB00C7BD22 /* Base */ = {isa = PBXFileReference; lastKnownFileType = file.xib; name = Base; path = Base.lproj/Menu.xib; sourceTree = "<group>"; };
		7E1EC96F1B333FAB00C7BD22 /* NetworkLocationHelperTests.xctest */ = {isa = PBXFileReference; explicitFileType = wrapper.cfbundle; includeInIndex = 0; path = NetworkLocationHelperTests.xctest; sourceTree = BUILT_PRODUCTS_DIR; };
		7E1EC9741B333FAB00C7BD22 /* Info.plist */ = {isa = PBXFileReference; lastKnownFileType = text.plist.xml; path = Info.plist; sourceTree = "<group>"; };
		7E1EC9751B333FAB00C7BD22 /* NetworkLocationHelperTests.swift */ = {isa = PBXFileReference; lastKnownFileType = sourcecode.swift; path = NetworkLocationHelperTests.swift; sourceTree = "<group>"; };
/* End PBXFileReference section */

/* Begin PBXFrameworksBuildPhase section */
		7E1EC95C1B333FAB00C7BD22 /* Frameworks */ = {
			isa = PBXFrameworksBuildPhase;
			buildActionMask = 2147483647;
			files = (
			);
			runOnlyForDeploymentPostprocessing = 0;
		};
		7E1EC96C1B333FAB00C7BD22 /* Frameworks */ = {
			isa = PBXFrameworksBuildPhase;
			buildActionMask = 2147483647;
			files = (
			);
			runOnlyForDeploymentPostprocessing = 0;
		};
/* End PBXFrameworksBuildPhase section */

/* Begin PBXGroup section */
		7E1EC9561B333FAB00C7BD22 = {
			isa = PBXGroup;
			children = (
				7E1EC9611B333FAB00C7BD22 /* NetworkLocationHelper */,
				7E1EC9721B333FAB00C7BD22 /* NetworkLocationHelperTests */,
				7E1EC9601B333FAB00C7BD22 /* Products */,
			);
			sourceTree = "<group>";
		};
		7E1EC9601B333FAB00C7BD22 /* Products */ = {
			isa = PBXGroup;
			children = (
				7E1EC95F1B333FAB00C7BD22 /* NetworkLocationHelper.app */,
				7E1EC96F1B333FAB00C7BD22 /* NetworkLocationHelperTests.xctest */,
			);
			name = Products;
			sourceTree = "<group>";
		};
		7E1EC9611B333FAB00C7BD22 /* NetworkLocationHelper */ = {
			isa = PBXGroup;
			children = (
				7E1EC9641B333FAB00C7BD22 /* AppDelegate.swift */,
				7E1EC9661B333FAB00C7BD22 /* Images.xcassets */,
				7E1EC9681B333FAB00C7BD22 /* Menu.xib */,
				7E1EC9621B333FAB00C7BD22 /* Supporting Files */,
			);
			path = NetworkLocationHelper;
			sourceTree = "<group>";
		};
		7E1EC9621B333FAB00C7BD22 /* Supporting Files */ = {
			isa = PBXGroup;
			children = (
				7E1EC9631B333FAB00C7BD22 /* Info.plist */,
			);
			name = "Supporting Files";
			sourceTree = "<group>";
		};
		7E1EC9721B333FAB00C7BD22 /* NetworkLocationHelperTests */ = {
			isa = PBXGroup;
			children = (
				7E1EC9751B333FAB00C7BD22 /* NetworkLocationHelperTests.swift */,
				7E1EC9731B333FAB00C7BD22 /* Supporting Files */,
			);
			path = NetworkLocationHelperTests;
			sourceTree = "<group>";
		};
		7E1EC9731B333FAB00C7BD22 /* Supporting Files */ = {
			isa = PBXGroup;
			children = (
				7E1EC9741B333FAB00C7BD22 /* Info.plist */,
			);
			name = "Supporting Files";
			sourceTree = "<group>";
		};
/* End PBXGroup section */

/* Begin PBXNativeTarget section */
		7E1EC95E1B333FAB00C7BD22 /* NetworkLocationHelper */ = {
			isa = PBXNativeTarget;
			buildConfigurationList = 7E1EC9791B333FAB00C7BD22 /* Build configuration list for PBXNativeTarget "NetworkLocationHelper" */;
			buildPhases = (
				7E1EC95B1B333FAB00C7BD22 /* Sources */,
				7E1EC95C1B333FAB00C7BD22 /* Frameworks */,
				7E1EC95D1B333FAB00C7BD22 /* Resources */,
			);
			buildRules = (
			);
			dependencies = (
			);
			name = NetworkLocationHelper;
			productName = NetworkLocationHelper;
			productReference = 7E1EC95F1B333FAB00C7BD22 /* NetworkLocationHelper.app */;
			productType = "com.apple.product-type.application";
		};
		7E1EC96E1B333FAB00C7BD22 /* NetworkLocationHelperTests */ = {
			isa = PBXNativeTarget;
			buildConfigurationList = 7E1EC97C1B333FAB00C7BD22 /* Build configuration list for PBXNativeTarget "NetworkLocationHelperTests" */;
			buildPhases = (
				7E1EC96B1B333FAB00C7BD22 /* Sources */,
				7E1EC96C1B333FAB00C7BD22 /* Frameworks */,
				7E1EC96D1B333FAB00C7BD22 /* Resources */,
			);
			buildRules = (
			);
			dependencies = (
				7E1EC9711B333FAB00C7BD22 /* PBXTargetDependency */,
			);
			name = NetworkLocationHelperTests;
			productName = NetworkLocationHelperTests;
			productReference = 7E1EC96F1B333FAB00C7BD22 /* NetworkLocationHelperTests.xctest */;
			productType = "com.apple.product-type.bundle.unit-test";
		};
/* End PBXNativeTarget section */

/* Begin PBXProject section */
		7E1EC9571B333FAB00C7BD22 /* Project object */ = {
			isa = PBXProject;
			attributes = {
				LastUpgradeCheck = 0630;
				ORGANIZATIONNAME = "Cameron Carmichael Alonso";
				TargetAttributes = {
					7E1EC95E1B333FAB00C7BD22 = {
						CreatedOnToolsVersion = 6.3.2;
						DevelopmentTeam = DR44D6XSFQ;
					};
					7E1EC96E1B333FAB00C7BD22 = {
						CreatedOnToolsVersion = 6.3.2;
						TestTargetID = 7E1EC95E1B333FAB00C7BD22;
					};
				};
			};
			buildConfigurationList = 7E1EC95A1B333FAB00C7BD22 /* Build configuration list for PBXProject "NetworkLocationHelper" */;
			compatibilityVersion = "Xcode 3.2";
			developmentRegion = English;
			hasScannedForEncodings = 0;
			knownRegions = (
				en,
				Base,
			);
			mainGroup = 7E1EC9561B333FAB00C7BD22;
			productRefGroup = 7E1EC9601B333FAB00C7BD22 /* Products */;
			projectDirPath = "";
			projectRoot = "";
			targets = (
				7E1EC95E1B333FAB00C7BD22 /* NetworkLocationHelper */,
				7E1EC96E1B333FAB00C7BD22 /* NetworkLocationHelperTests */,
			);
		};
/* End PBXProject section */

/* Begin PBXResourcesBuildPhase section */
		7E1EC95D1B333FAB00C7BD22 /* Resources */ = {
			isa = PBXResourcesBuildPhase;
			buildActionMask = 2147483647;
			files = (
				7E302E771B33685B00382D41 /* Menu.xib in Resources */,
				7E1EC9671B333FAB00C7BD22 /* Images.xcassets in Resources */,
			);
			runOnlyForDeploymentPostprocessing = 0;
		};
		7E1EC96D1B333FAB00C7BD22 /* Resources */ = {
			isa = PBXResourcesBuildPhase;
			buildActionMask = 2147483647;
			files = (
			);
			runOnlyForDeploymentPostprocessing = 0;
		};
/* End PBXResourcesBuildPhase section */

/* Begin PBXSourcesBuildPhase section */
		7E1EC95B1B333FAB00C7BD22 /* Sources */ = {
			isa = PBXSourcesBuildPhase;
			buildActionMask = 2147483647;
			files = (
				7E1EC9651B333FAB00C7BD22 /* AppDelegate.swift in Sources */,
			);
			runOnlyForDeploymentPostprocessing = 0;
		};
		7E1EC96B1B333FAB00C7BD22 /* Sources */ = {
			isa = PBXSourcesBuildPhase;
			buildActionMask = 2147483647;
			files = (
				7E1EC9761B333FAB00C7BD22 /* NetworkLocationHelperTests.swift in Sources */,
			);
			runOnlyForDeploymentPostprocessing = 0;
		};
/* End PBXSourcesBuildPhase section */

/* Begin PBXTargetDependency section */
		7E1EC9711B333FAB00C7BD22 /* PBXTargetDependency */ = {
			isa = PBXTargetDependency;
			target = 7E1EC95E1B333FAB00C7BD22 /* NetworkLocationHelper */;
			targetProxy = 7E1EC9701B333FAB00C7BD22 /* PBXContainerItemProxy */;
		};
/* End PBXTargetDependency section */

/* Begin PBXVariantGroup section */
		7E1EC9681B333FAB00C7BD22 /* Menu.xib */ = {
			isa = PBXVariantGroup;
			children = (
				7E1EC9691B333FAB00C7BD22 /* Base */,
			);
			name = Menu.xib;
			sourceTree = "<group>";
		};
/* End PBXVariantGroup section */

/* Begin XCBuildConfiguration section */
		7E1EC9771B333FAB00C7BD22 /* Debug */ = {
			isa = XCBuildConfiguration;
			buildSettings = {
				ALWAYS_SEARCH_USER_PATHS = NO;
				CLANG_CXX_LANGUAGE_STANDARD = "gnu++0x";
				CLANG_CXX_LIBRARY = "libc++";
				CLANG_ENABLE_MODULES = YES;
				CLANG_ENABLE_OBJC_ARC = YES;
				CLANG_WARN_BOOL_CONVERSION = YES;
				CLANG_WARN_CONSTANT_CONVERSION = YES;
				CLANG_WARN_DIRECT_OBJC_ISA_USAGE = YES_ERROR;
				CLANG_WARN_EMPTY_BODY = YES;
				CLANG_WARN_ENUM_CONVERSION = YES;
				CLANG_WARN_INT_CONVERSION = YES;
				CLANG_WARN_OBJC_ROOT_CLASS = YES_ERROR;
				CLANG_WARN_UNREACHABLE_CODE = YES;
				CLANG_WARN__DUPLICATE_METHOD_MATCH = YES;
				CODE_SIGN_IDENTITY = "-";
				COPY_PHASE_STRIP = NO;
				DEBUG_INFORMATION_FORMAT = dwarf;
				ENABLE_STRICT_OBJC_MSGSEND = YES;
				GCC_C_LANGUAGE_STANDARD = gnu99;
				GCC_DYNAMIC_NO_PIC = NO;
				GCC_NO_COMMON_BLOCKS = YES;
				GCC_OPTIMIZATION_LEVEL = 0;
				GCC_PREPROCESSOR_DEFINITIONS = (
					"DEBUG=1",
					"$(inherited)",
				);
				GCC_SYMBOLS_PRIVATE_EXTERN = NO;
				GCC_WARN_64_TO_32_BIT_CONVERSION = YES;
				GCC_WARN_ABOUT_RETURN_TYPE = YES_ERROR;
				GCC_WARN_UNDECLARED_SELECTOR = YES;
				GCC_WARN_UNINITIALIZED_AUTOS = YES_AGGRESSIVE;
				GCC_WARN_UNUSED_FUNCTION = YES;
				GCC_WARN_UNUSED_VARIABLE = YES;
				MACOSX_DEPLOYMENT_TARGET = 10.10;
				MTL_ENABLE_DEBUG_INFO = YES;
				ONLY_ACTIVE_ARCH = YES;
				SDKROOT = macosx;
				SWIFT_OPTIMIZATION_LEVEL = "-Onone";
			};
			name = Debug;
		};
		7E1EC9781B333FAB00C7BD22 /* Release */ = {
			isa = XCBuildConfiguration;
			buildSettings = {
				ALWAYS_SEARCH_USER_PATHS = NO;
				CLANG_CXX_LANGUAGE_STANDARD = "gnu++0x";
				CLANG_CXX_LIBRARY = "libc++";
				CLANG_ENABLE_MODULES = YES;
				CLANG_ENABLE_OBJC_ARC = YES;
				CLANG_WARN_BOOL_CONVERSION = YES;
				CLANG_WARN_CONSTANT_CONVERSION = YES;
				CLANG_WARN_DIRECT_OBJC_ISA_USAGE = YES_ERROR;
				CLANG_WARN_EMPTY_BODY = YES;
				CLANG_WARN_ENUM_CONVERSION = YES;
				CLANG_WARN_INT_CONVERSION = YES;
				CLANG_WARN_OBJC_ROOT_CLASS = YES_ERROR;
				CLANG_WARN_UNREACHABLE_CODE = YES;
				CLANG_WARN__DUPLICATE_METHOD_MATCH = YES;
				CODE_SIGN_IDENTITY = "-";
				COPY_PHASE_STRIP = NO;
				DEBUG_INFORMATION_FORMAT = "dwarf-with-dsym";
				ENABLE_NS_ASSERTIONS = NO;
				ENABLE_STRICT_OBJC_MSGSEND = YES;
				GCC_C_LANGUAGE_STANDARD = gnu99;
				GCC_NO_COMMON_BLOCKS = YES;
				GCC_WARN_64_TO_32_BIT_CONVERSION = YES;
				GCC_WARN_ABOUT_RETURN_TYPE = YES_ERROR;
				GCC_WARN_UNDECLARED_SELECTOR = YES;
				GCC_WARN_UNINITIALIZED_AUTOS = YES_AGGRESSIVE;
				GCC_WARN_UNUSED_FUNCTION = YES;
				GCC_WARN_UNUSED_VARIABLE = YES;
				MACOSX_DEPLOYMENT_TARGET = 10.10;
				MTL_ENABLE_DEBUG_INFO = NO;
				SDKROOT = macosx;
			};
			name = Release;
		};
		7E1EC97A1B333FAB00C7BD22 /* Debug */ = {
			isa = XCBuildConfiguration;
			buildSettings = {
				ASSETCATALOG_COMPILER_APPICON_NAME = AppIcon;
				COMBINE_HIDPI_IMAGES = YES;
				INFOPLIST_FILE = NetworkLocationHelper/Info.plist;
				LD_RUNPATH_SEARCH_PATHS = "$(inherited) @executable_path/../Frameworks";
				PRODUCT_NAME = "$(TARGET_NAME)";
			};
			name = Debug;
		};
		7E1EC97B1B333FAB00C7BD22 /* Release */ = {
			isa = XCBuildConfiguration;
			buildSettings = {
				ASSETCATALOG_COMPILER_APPICON_NAME = AppIcon;
				COMBINE_HIDPI_IMAGES = YES;
				INFOPLIST_FILE = NetworkLocationHelper/Info.plist;
				LD_RUNPATH_SEARCH_PATHS = "$(inherited) @executable_path/../Frameworks";
				PRODUCT_NAME = "$(TARGET_NAME)";
			};
			name = Release;
		};
		7E1EC97D1B333FAB00C7BD22 /* Debug */ = {
			isa = XCBuildConfiguration;
			buildSettings = {
				BUNDLE_LOADER = "$(TEST_HOST)";
				COMBINE_HIDPI_IMAGES = YES;
				FRAMEWORK_SEARCH_PATHS = (
					"$(DEVELOPER_FRAMEWORKS_DIR)",
					"$(inherited)",
				);
				GCC_PREPROCESSOR_DEFINITIONS = (
					"DEBUG=1",
					"$(inherited)",
				);
				INFOPLIST_FILE = NetworkLocationHelperTests/Info.plist;
				LD_RUNPATH_SEARCH_PATHS = "$(inherited) @executable_path/../Frameworks @loader_path/../Frameworks";
				PRODUCT_NAME = "$(TARGET_NAME)";
				TEST_HOST = "$(BUILT_PRODUCTS_DIR)/NetworkLocationHelper.app/Contents/MacOS/NetworkLocationHelper";
			};
			name = Debug;
		};
		7E1EC97E1B333FAB00C7BD22 /* Release */ = {
			isa = XCBuildConfiguration;
			buildSettings = {
				BUNDLE_LOADER = "$(TEST_HOST)";
				COMBINE_HIDPI_IMAGES = YES;
				FRAMEWORK_SEARCH_PATHS = (
					"$(DEVELOPER_FRAMEWORKS_DIR)",
					"$(inherited)",
				);
				INFOPLIST_FILE = NetworkLocationHelperTests/Info.plist;
				LD_RUNPATH_SEARCH_PATHS = "$(inherited) @executable_path/../Frameworks @loader_path/../Frameworks";
				PRODUCT_NAME = "$(TARGET_NAME)";
				TEST_HOST = "$(BUILT_PRODUCTS_DIR)/NetworkLocationHelper.app/Contents/MacOS/NetworkLocationHelper";
			};
			name = Release;
		};
/* End XCBuildConfiguration section */

/* Begin XCConfigurationList section */
		7E1EC95A1B333FAB00C7BD22 /* Build configuration list for PBXProject "NetworkLocationHelper" */ = {
			isa = XCConfigurationList;
			buildConfigurations = (
				7E1EC9771B333FAB00C7BD22 /* Debug */,
				7E1EC9781B333FAB00C7BD22 /* Release */,
			);
			defaultConfigurationIsVisible = 0;
			defaultConfigurationName = Release;
		};
		7E1EC9791B333FAB00C7BD22 /* Build configuration list for PBXNativeTarget "NetworkLocationHelper" */ = {
			isa = XCConfigurationList;
			buildConfigurations = (
				7E1EC97A1B333FAB00C7BD22 /* Debug */,
				7E1EC97B1B333FAB00C7BD22 /* Release */,
			);
			defaultConfigurationIsVisible = 0;
			defaultConfigurationName = Release;
		};
		7E1EC97C1B333FAB00C7BD22 /* Build configuration list for PBXNativeTarget "NetworkLocationHelperTests" */ = {
			isa = XCConfigurationList;
			buildConfigurations = (
				7E1EC97D1B333FAB00C7BD22 /* Debug */,
				7E1EC97E1B333FAB00C7BD22 /* Release */,
			);
			defaultConfigurationIsVisible = 0;
			defaultConfigurationName = Release;
		};
/* End XCConfigurationList section */
	};
	rootObject = 7E1EC9571B333FAB00C7BD22 /* Project object */;
}
